# THIS IS AN AUTOGENERATED FILE. DO NOT EDIT THIS FILE DIRECTLY.
# yarn lockfile v1


pachadb-core-wasm@../../core-wasm/pkg/:
  version "0.1.0"

prettier@^3.0.1:
  version "3.0.1"
  resolved "https://registry.yarnpkg.com/prettier/-/prettier-3.0.1.tgz#65271fc9320ce4913c57747a70ce635b30beaa40"
  integrity sha512-fcOWSnnpCrovBsmFZIGIy9UqK2FaI7Hqax+DIO0A9UxeVoY4iweyaFjS5TavZN97Hfehph0nhsZnjlVKzEQSrQ==
